
Microsoft Visual Studio Solution File, Format Version 12.00
# Visual Studio Version 16
VisualStudioVersion = 16.0.31605.320
MinimumVisualStudioVersion = 10.0.40219.1
Project("{FAE04EC0-301F-11D3-BF4B-00C04F79EFBC}") = "Learn CS", "Learn CS.csproj", "{DA98AF59-E9FF-43FE-885B-D0946487B004}"
EndProject
Global
	GlobalSection(SolutionConfigurationPlatforms) = preSolution
		Debug|Any CPU = Debug|Any CPU
		Release|Any CPU = Release|Any CPU
	EndGlobalSection
	GlobalSection(ProjectConfigurationPlatforms) = postSolution
		{DA98AF59-E9FF-43FE-885B-D0946487B004}.Debug|Any CPU.ActiveCfg = Debug|Any CPU
		{DA98AF59-E9FF-43FE-885B-D0946487B004}.Debug|Any CPU.Build.0 = Debug|Any CPU
		{DA98AF59-E9FF-43FE-885B-D0946487B004}.Release|Any CPU.ActiveCfg = Release|Any CPU
		{DA98AF59-E9FF-43FE-885B-D0946487B004}.Release|Any CPU.Build.0 = Release|Any CPU
	EndGlobalSection
	GlobalSection(SolutionProperties) = preSolution
		HideSolutionNode = FALSE
	EndGlobalSection
	GlobalSection(ExtensibilityGlobals) = postSolution
		SolutionGuid = {76BF49D4-CDF0-49B4-98D8-60F0E64D62EB}
	EndGlobalSection
EndGlobal
